
Microsoft Visual Studio Solution File, Format Version 12.00
# Visual Studio 2015
Project("{FAE04EC0-301F-11D3-BF4B-00C04F79EFBC}") = "LifelineUnity", "LifelineUnity.csproj", "{46A636C1-F06D-DE50-299F-69A9DA050DE1}"
EndProject
Project("{FAE04EC0-301F-11D3-BF4B-00C04F79EFBC}") = "LifelineUnity.Plugins", "LifelineUnity.Plugins.csproj", "{94369467-EF7B-F035-F09B-DD6A06F406F5}"
EndProject
Project("{FAE04EC0-301F-11D3-BF4B-00C04F79EFBC}") = "LifelineUnity.Editor.Plugins", "LifelineUnity.Editor.Plugins.csproj", "{DAFB9A0C-912F-775C-6D4B-B5F3B2647336}"
EndProject
Global
	GlobalSection(SolutionConfigurationPlatforms) = preSolution
		Debug|Any CPU = Debug|Any CPU
		Release|Any CPU = Release|Any CPU
	EndGlobalSection
	GlobalSection(ProjectConfigurationPlatforms) = postSolution
		{46A636C1-F06D-DE50-299F-69A9DA050DE1}.Debug|Any CPU.ActiveCfg = Debug|Any CPU
		{46A636C1-F06D-DE50-299F-69A9DA050DE1}.Debug|Any CPU.Build.0 = Debug|Any CPU
		{46A636C1-F06D-DE50-299F-69A9DA050DE1}.Release|Any CPU.ActiveCfg = Release|Any CPU
		{46A636C1-F06D-DE50-299F-69A9DA050DE1}.Release|Any CPU.Build.0 = Release|Any CPU
		{94369467-EF7B-F035-F09B-DD6A06F406F5}.Debug|Any CPU.ActiveCfg = Debug|Any CPU
		{94369467-EF7B-F035-F09B-DD6A06F406F5}.Debug|Any CPU.Build.0 = Debug|Any CPU
		{94369467-EF7B-F035-F09B-DD6A06F406F5}.Release|Any CPU.ActiveCfg = Release|Any CPU
		{94369467-EF7B-F035-F09B-DD6A06F406F5}.Release|Any CPU.Build.0 = Release|Any CPU
		{DAFB9A0C-912F-775C-6D4B-B5F3B2647336}.Debug|Any CPU.ActiveCfg = Debug|Any CPU
		{DAFB9A0C-912F-775C-6D4B-B5F3B2647336}.Debug|Any CPU.Build.0 = Debug|Any CPU
		{DAFB9A0C-912F-775C-6D4B-B5F3B2647336}.Release|Any CPU.ActiveCfg = Release|Any CPU
		{DAFB9A0C-912F-775C-6D4B-B5F3B2647336}.Release|Any CPU.Build.0 = Release|Any CPU
	EndGlobalSection
	GlobalSection(SolutionProperties) = preSolution
		HideSolutionNode = FALSE
	EndGlobalSection
EndGlobal
