
Microsoft Visual Studio Solution File, Format Version 12.00
# Visual Studio 2015
Project("{FAE04EC0-301F-11D3-BF4B-00C04F79EFBC}") = "LifelineUnity.CSharp", "LifelineUnity.CSharp.csproj", "{75D3E0E7-D907-9C48-396E-A3325E877087}"
EndProject
Project("{FAE04EC0-301F-11D3-BF4B-00C04F79EFBC}") = "LifelineUnity.CSharp.Plugins", "LifelineUnity.CSharp.Plugins.csproj", "{83059C81-A5D5-ABED-DCBD-8D9E75618B5B}"
EndProject
Project("{FAE04EC0-301F-11D3-BF4B-00C04F79EFBC}") = "LifelineUnity.CSharp.Editor.Plugins", "LifelineUnity.CSharp.Editor.Plugins.csproj", "{5105EB58-4551-26C8-4BBD-06A719033ED4}"
EndProject
Global
	GlobalSection(SolutionConfigurationPlatforms) = preSolution
		Debug|Any CPU = Debug|Any CPU
		Release|Any CPU = Release|Any CPU
	EndGlobalSection
	GlobalSection(ProjectConfigurationPlatforms) = postSolution
		{75D3E0E7-D907-9C48-396E-A3325E877087}.Debug|Any CPU.ActiveCfg = Debug|Any CPU
		{75D3E0E7-D907-9C48-396E-A3325E877087}.Debug|Any CPU.Build.0 = Debug|Any CPU
		{75D3E0E7-D907-9C48-396E-A3325E877087}.Release|Any CPU.ActiveCfg = Release|Any CPU
		{75D3E0E7-D907-9C48-396E-A3325E877087}.Release|Any CPU.Build.0 = Release|Any CPU
		{83059C81-A5D5-ABED-DCBD-8D9E75618B5B}.Debug|Any CPU.ActiveCfg = Debug|Any CPU
		{83059C81-A5D5-ABED-DCBD-8D9E75618B5B}.Debug|Any CPU.Build.0 = Debug|Any CPU
		{83059C81-A5D5-ABED-DCBD-8D9E75618B5B}.Release|Any CPU.ActiveCfg = Release|Any CPU
		{83059C81-A5D5-ABED-DCBD-8D9E75618B5B}.Release|Any CPU.Build.0 = Release|Any CPU
		{5105EB58-4551-26C8-4BBD-06A719033ED4}.Debug|Any CPU.ActiveCfg = Debug|Any CPU
		{5105EB58-4551-26C8-4BBD-06A719033ED4}.Debug|Any CPU.Build.0 = Debug|Any CPU
		{5105EB58-4551-26C8-4BBD-06A719033ED4}.Release|Any CPU.ActiveCfg = Release|Any CPU
		{5105EB58-4551-26C8-4BBD-06A719033ED4}.Release|Any CPU.Build.0 = Release|Any CPU
	EndGlobalSection
	GlobalSection(SolutionProperties) = preSolution
		HideSolutionNode = FALSE
	EndGlobalSection
EndGlobal
